# THIS IS AN AUTOGENERATED FILE. DO NOT EDIT THIS FILE DIRECTLY.
# yarn lockfile v1


VimCompletesMe@ajh17/VimCompletesMe:
  version "0.0.0"
  resolved "https://codeload.github.com/ajh17/VimCompletesMe/tar.gz/7ae413e00691dff4bad450229ebed37d27673c10"

ale@w0rp/ale:
  version "0.0.0"
  resolved "https://codeload.github.com/w0rp/ale/tar.gz/fb0c931b2ddd0441c04a3e1c9d5d6def87e8858e"

ctrlp-funky@tacahiroy/ctrlp-funky:
  version "0.0.0"
  resolved "https://codeload.github.com/tacahiroy/ctrlp-funky/tar.gz/1f9f81ad471ef8ea5323a49fde4e4ae1c899a1a0"

ctrlp@ctrlpvim/ctrlp.vim:
  version "0.0.0"
  resolved "https://codeload.github.com/ctrlpvim/ctrlp.vim/tar.gz/838a6ddf249d3583c71f2651dacc5a1768ca4b75"

ctrlsf@dyng/ctrlsf.vim:
  version "0.0.0"
  resolved "https://codeload.github.com/dyng/ctrlsf.vim/tar.gz/3f566cb96acd4313da0159477448871be9b4ff2b"

delimitMate@Raimondi/delimitMate:
  version "0.0.0"
  resolved "https://codeload.github.com/Raimondi/delimitMate/tar.gz/728b57a6564c1d2bdfb9b9e0f2f8c5ba3d7e0c5c"

editorconfig-vim@editorconfig/editorconfig-vim:
  version "0.0.0"
  resolved "https://codeload.github.com/editorconfig/editorconfig-vim/tar.gz/14376e0e7f8118af7297daa8d4f5f261ca4efacb"

gruvbox@morhetz/gruvbox:
  version "2.0.0"
  resolved "https://codeload.github.com/morhetz/gruvbox/tar.gz/dffc9ba3d45dc7581c6948d3b376328519c7a679"

incsearch@haya14busa/incsearch.vim:
  version "0.0.0"
  resolved "https://codeload.github.com/haya14busa/incsearch.vim/tar.gz/ceff51093e5dac1cf566b6748de7108bc5235b33"

indentLine@Yggdroot/indentLine:
  version "0.0.0"
  resolved "https://codeload.github.com/Yggdroot/indentLine/tar.gz/a97b6d12ae06c2db524e2ceba976f1d4f4637cb7"

matchit@vim-scripts/matchit.zip:
  version "0.0.0"
  resolved "https://codeload.github.com/vim-scripts/matchit.zip/tar.gz/ced6c409c9beeb0b4142d21906606bd194411d1d"

tagbar@majutsushi/tagbar:
  version "0.0.0"
  resolved "https://codeload.github.com/majutsushi/tagbar/tar.gz/8a1bbcb4200bd170191531d427b0436b31eda211"

tcomment_vim@tomtom/tcomment_vim:
  version "0.0.0"
  resolved "https://codeload.github.com/tomtom/tcomment_vim/tar.gz/7cba1bbc2f8f1da0a854ae80eefc74f3a8402dab"

undotree@mbbill/undotree:
  version "0.0.0"
  resolved "https://codeload.github.com/mbbill/undotree/tar.gz/8f77072ad6818437c78cececba7d4835f67368be"

vader@junegunn/vader.vim:
  version "0.0.0"
  resolved "https://codeload.github.com/junegunn/vader.vim/tar.gz/f588d5a1be5ea9caf714d3efa101fbacdfefdaae"

vim-dirvish@justinmk/vim-dirvish:
  version "0.0.0"
  resolved "https://codeload.github.com/justinmk/vim-dirvish/tar.gz/5a2ea5308bbcd666b549f4c851b9fde443f12ce3"

vim-dispatch@tpope/vim-dispatch:
  version "0.0.0"
  resolved "https://codeload.github.com/tpope/vim-dispatch/tar.gz/6dd4480388e4727dfe5c723484c500e03b429c28"

vim-easy-align@junegunn/vim-easy-align:
  version "0.0.0"
  resolved "https://codeload.github.com/junegunn/vim-easy-align/tar.gz/1cd724dc239c3a0f7a12e0fac85945cc3dbe07b0"

vim-easyclip@svermeulen/vim-easyclip:
  version "0.0.0"
  resolved "https://codeload.github.com/svermeulen/vim-easyclip/tar.gz/29228edfbe2dc413e7e41a588f80a582a8117378"

vim-endwise@tpope/vim-endwise:
  version "0.0.0"
  resolved "https://codeload.github.com/tpope/vim-endwise/tar.gz/d5655263af8b3611a2bcb907a9963831a88d154b"

vim-eunuch@tpope/vim-eunuch:
  version "0.0.0"
  resolved "https://codeload.github.com/tpope/vim-eunuch/tar.gz/b536b887072ff3cc382842ce9f675ec222302f4f"

vim-fugitive@tpope/vim-fugitive:
  version "0.0.0"
  resolved "https://codeload.github.com/tpope/vim-fugitive/tar.gz/913fff1cea3aa1a08a360a494fa05555e59147f5"

vim-gitgutter@airblade/vim-gitgutter:
  version "0.0.0"
  resolved "https://codeload.github.com/airblade/vim-gitgutter/tar.gz/dc73a81bfe59a9de090b89a1312ded3c6f6a6f89"

vim-over@osyo-manga/vim-over:
  version "0.0.0"
  resolved "https://codeload.github.com/osyo-manga/vim-over/tar.gz/5114c04f12e6441fe2c1d759af7eb19060f5466c"

vim-polyglot@sheerun/vim-polyglot:
  version "0.0.0"
  resolved "https://codeload.github.com/sheerun/vim-polyglot/tar.gz/8eab5f5403afc1c33a7593459a27f7ff625fa60b"

vim-repeat@tpope/vim-repeat:
  version "0.0.0"
  resolved "https://codeload.github.com/tpope/vim-repeat/tar.gz/070ee903245999b2b79f7386631ffd29ce9b8e9f"

vim-rooter@airblade/vim-rooter:
  version "0.0.0"
  resolved "https://codeload.github.com/airblade/vim-rooter/tar.gz/aaac40828cf6fcd27d56e00c005e29a8a5ee0fb1"

vim-rsi@tpope/vim-rsi:
  version "0.0.0"
  resolved "https://codeload.github.com/tpope/vim-rsi/tar.gz/b689ee4276d82feb21b21661a6500755ff6b2fde"

vim-signature@kshenoy/vim-signature:
  version "0.0.0"
  resolved "https://codeload.github.com/kshenoy/vim-signature/tar.gz/5246b6c6456e5afd6fa6c6b91a7ccc9e8e8664b9"

vim-sneak@justinmk/vim-sneak:
  version "0.0.0"
  resolved "https://codeload.github.com/justinmk/vim-sneak/tar.gz/a0610b8c9558358086fe993edff277a86f224747"

vim-startify@mhinz/vim-startify:
  version "0.0.0"
  resolved "https://codeload.github.com/mhinz/vim-startify/tar.gz/7f910ed4367de96310fedc98d5a12b97173a405f"

vim-surround@tpope/vim-surround:
  version "0.0.0"
  resolved "https://codeload.github.com/tpope/vim-surround/tar.gz/e49d6c2459e0f5569ff2d533b4df995dd7f98313"

vim-unimpaired@tpope/vim-unimpaired:
  version "0.0.0"
  resolved "https://codeload.github.com/tpope/vim-unimpaired/tar.gz/3a7759075cca5b0dc29ce81f2747489b6c8e36a7"
